
Microsoft Visual Studio Solution File, Format Version 12.00
# Visual Studio Version 17
VisualStudioVersion = 17.0.31919.166
MinimumVisualStudioVersion = 10.0.40219.1
Project("{9A19103F-16F7-4668-BE54-9A1E7A4F7556}") = "ListList.Api", "Listlist.Api\ListList.Api.csproj", "{B064DCE8-041D-47A1-882B-CA3688B57307}"
EndProject
Project("{9A19103F-16F7-4668-BE54-9A1E7A4F7556}") = "ListList.Data", "Listlist.Data\ListList.Data.csproj", "{B3F38856-C83F-4F61-AB54-C5644687B6D9}"
EndProject
Global
	GlobalSection(SolutionConfigurationPlatforms) = preSolution
		Debug|Any CPU = Debug|Any CPU
		Release|Any CPU = Release|Any CPU
	EndGlobalSection
	GlobalSection(ProjectConfigurationPlatforms) = postSolution
		{B064DCE8-041D-47A1-882B-CA3688B57307}.Debug|Any CPU.ActiveCfg = Debug|Any CPU
		{B064DCE8-041D-47A1-882B-CA3688B57307}.Debug|Any CPU.Build.0 = Debug|Any CPU
		{B064DCE8-041D-47A1-882B-CA3688B57307}.Release|Any CPU.ActiveCfg = Release|Any CPU
		{B064DCE8-041D-47A1-882B-CA3688B57307}.Release|Any CPU.Build.0 = Release|Any CPU
		{B3F38856-C83F-4F61-AB54-C5644687B6D9}.Debug|Any CPU.ActiveCfg = Debug|Any CPU
		{B3F38856-C83F-4F61-AB54-C5644687B6D9}.Debug|Any CPU.Build.0 = Debug|Any CPU
		{B3F38856-C83F-4F61-AB54-C5644687B6D9}.Release|Any CPU.ActiveCfg = Release|Any CPU
		{B3F38856-C83F-4F61-AB54-C5644687B6D9}.Release|Any CPU.Build.0 = Release|Any CPU
	EndGlobalSection
	GlobalSection(SolutionProperties) = preSolution
		HideSolutionNode = FALSE
	EndGlobalSection
	GlobalSection(ExtensibilityGlobals) = postSolution
		SolutionGuid = {DD3478D4-3037-4AA5-9403-F9CBE0046B91}
	EndGlobalSection
EndGlobal
